# This file is automatically @generated by Poetry 2.1.3 and should not be changed by hand.

[[package]]
name = "click"
version = "8.1.8"
description = "Composable command line interface toolkit"
optional = false
python-versions = ">=3.7"
groups = ["main"]
files = [
    {file = "click-8.1.8-py3-none-any.whl", hash = "sha256:63c132bbbed01578a06712a2d1f497bb62d9c1c0d329b7903a866228027263b2"},
    {file = "click-8.1.8.tar.gz", hash = "sha256:ed53c9d8990d83c2a27deae68e4ee337473f6330c040a31d4225c9574d16096a"},
]

[package.dependencies]
colorama = {version = "*", markers = "platform_system == \"Windows\""}

[[package]]
name = "colorama"
version = "0.4.6"
description = "Cross-platform colored terminal text."
optional = false
python-versions = "!=3.0.*,!=3.1.*,!=3.2.*,!=3.3.*,!=3.4.*,!=3.5.*,!=3.6.*,>=2.7"
groups = ["main"]
markers = "platform_system == \"Windows\""
files = [
    {file = "colorama-0.4.6-py2.py3-none-any.whl", hash = "sha256:4f1d9991f5acc0ca119f9d443620b77f9d6b33703e51011c16baf57afb285fc6"},
    {file = "colorama-0.4.6.tar.gz", hash = "sha256:08695f5cb7ed6e0531a20572697297273c47b8cae5a63ffc6d6ed5c201be6e44"},
]

[[package]]
name = "markdown-it-py"
version = "3.0.0"
description = "Python port of markdown-it. Markdown parsing, done right!"
optional = false
python-versions = ">=3.8"
groups = ["main"]
files = [
    {file = "markdown-it-py-3.0.0.tar.gz", hash = "sha256:e3f60a94fa066dc52ec76661e37c851cb232d92f9886b15cb560aaada2df8feb"},
    {file = "markdown_it_py-3.0.0-py3-none-any.whl", hash = "sha256:355216845c60bd96232cd8d8c40e8f9765cc86f46880e43a8fd22dc1a1a8cab1"},
]

[package.dependencies]
mdurl = ">=0.1,<1.0"

[package.extras]
benchmarking = ["psutil", "pytest", "pytest-benchmark"]
code-style = ["pre-commit (>=3.0,<4.0)"]
compare = ["commonmark (>=0.9,<1.0)", "markdown (>=3.4,<4.0)", "mistletoe (>=1.0,<2.0)", "mistune (>=2.0,<3.0)", "panflute (>=2.3,<3.0)"]
linkify = ["linkify-it-py (>=1,<3)"]
plugins = ["mdit-py-plugins"]
profiling = ["gprof2dot"]
rtd = ["jupyter_sphinx", "mdit-py-plugins", "myst-parser", "pyyaml", "sphinx", "sphinx-copybutton", "sphinx-design", "sphinx_book_theme"]
testing = ["coverage", "pytest", "pytest-cov", "pytest-regressions"]

[[package]]
name = "mdurl"
version = "0.1.2"
description = "Markdown URL utilities"
optional = false
python-versions = ">=3.7"
groups = ["main"]
files = [
    {file = "mdurl-0.1.2-py3-none-any.whl", hash = "sha256:84008a41e51615a49fc9966191ff91509e3c40b939176e643fd50a5c2196b8f8"},
    {file = "mdurl-0.1.2.tar.gz", hash = "sha256:bb413d29f5eea38f31dd4754dd7377d4465116fb207585f97bf925588687c1ba"},
]

[[package]]
name = "mysql-connector-python"
version = "9.3.0"
description = "A self-contained Python driver for communicating with MySQL servers, using an API that is compliant with the Python Database API Specification v2.0 (PEP 249)."
optional = false
python-versions = ">=3.9"
groups = ["main"]
files = [
    {file = "mysql-connector-python-9.3.0.tar.gz", hash = "sha256:8b16d51447e3603f18478fb5a19b333bfb73fb58f872eb055a105635f53d2345"},
    {file = "mysql_connector_python-9.3.0-cp310-cp310-macosx_14_0_arm64.whl", hash = "sha256:f979e712187796ad57cd0bef76666dd48ed4887104775833c9489ea837144ad8"},
    {file = "mysql_connector_python-9.3.0-cp310-cp310-macosx_14_0_x86_64.whl", hash = "sha256:ee1a901c287471013570e29cdf5ca7159898af31cf3a582180eadd41c96b42c9"},
    {file = "mysql_connector_python-9.3.0-cp310-cp310-manylinux_2_28_aarch64.whl", hash = "sha256:5508ff6b79d8d46b15791401784a1b5abd10c8e05aec2684c4a50e92c5893cd2"},
    {file = "mysql_connector_python-9.3.0-cp310-cp310-manylinux_2_28_x86_64.whl", hash = "sha256:d47a0d5b2b9b02f06647d5d7bbb19e237f234d6be91d0e0c935629faacf0797f"},
    {file = "mysql_connector_python-9.3.0-cp310-cp310-win_amd64.whl", hash = "sha256:e24be22a5d96f3535afa5dd331166b02bf72655ea6ed6a2a0eb548c313548788"},
    {file = "mysql_connector_python-9.3.0-cp311-cp311-macosx_14_0_arm64.whl", hash = "sha256:e8b0131006608e533b8eab20078f9e65486068c984ed3efd28413d350d241f44"},
    {file = "mysql_connector_python-9.3.0-cp311-cp311-macosx_14_0_x86_64.whl", hash = "sha256:cb72fcda90b616f0b2d3dae257441e06e8896b2780c3dddc6a65275ec1408d9a"},
    {file = "mysql_connector_python-9.3.0-cp311-cp311-manylinux_2_28_aarch64.whl", hash = "sha256:9cc8d3c2f45d16b064b0063db857f8a7187b8659253dd32e3f19df1bf1d55ea0"},
    {file = "mysql_connector_python-9.3.0-cp311-cp311-manylinux_2_28_x86_64.whl", hash = "sha256:9c898c5f3e34314ed825f2ffdd52d674e03d59c45d02ac8083a8ec5173c1e0f8"},
    {file = "mysql_connector_python-9.3.0-cp311-cp311-win_amd64.whl", hash = "sha256:f10fe89397e8da81026d8143e17fc5c12ae5e66e51753a0f49e1db179c4f7113"},
    {file = "mysql_connector_python-9.3.0-cp312-cp312-macosx_14_0_arm64.whl", hash = "sha256:2589af070babdff9c920ee37f929218d80afa704f4e2a99f1ddcb13d19de4450"},
    {file = "mysql_connector_python-9.3.0-cp312-cp312-macosx_14_0_x86_64.whl", hash = "sha256:1916256ecd039f4673715550d28138416bac5962335e06d36f7434c47feb5232"},
    {file = "mysql_connector_python-9.3.0-cp312-cp312-manylinux_2_28_aarch64.whl", hash = "sha256:d33e2f88e1d4b15844cfed2bb6e90612525ba2c1af2fb10b4a25b2c89a1fe49a"},
    {file = "mysql_connector_python-9.3.0-cp312-cp312-manylinux_2_28_x86_64.whl", hash = "sha256:0aedee809e1f8dbab6b2732f51ee1619b54a56d15b9070655bc31fb822c1a015"},
    {file = "mysql_connector_python-9.3.0-cp312-cp312-win_amd64.whl", hash = "sha256:3853799f4b719357ea25eba05f5f278a158a85a5c8209b3d058947a948bc9262"},
    {file = "mysql_connector_python-9.3.0-cp313-cp313-macosx_14_0_arm64.whl", hash = "sha256:9516a4cdbaee3c9200f0e7d9aafb31057692f45c202cdcb43a3f9b37c94e7c84"},
    {file = "mysql_connector_python-9.3.0-cp313-cp313-macosx_14_0_x86_64.whl", hash = "sha256:495798dd34445d749991fb3a2aa87b4205100676939556d8d4aab5d5558e7a1f"},
    {file = "mysql_connector_python-9.3.0-cp313-cp313-manylinux_2_28_aarch64.whl", hash = "sha256:be0ef15f6023ae2037347498f005a4471f694f8a6b8384c3194895e153120286"},
    {file = "mysql_connector_python-9.3.0-cp313-cp313-manylinux_2_28_x86_64.whl", hash = "sha256:4364d3a37c449f1c0bb9e52fd4eddc620126b9897b6b9f2fd1b3f33dacc16356"},
    {file = "mysql_connector_python-9.3.0-cp313-cp313-win_amd64.whl", hash = "sha256:2a5de57814217077a8672063167b616b1034a37b614b93abcb602cc0b8c6fade"},
    {file = "mysql_connector_python-9.3.0-cp39-cp39-macosx_14_0_arm64.whl", hash = "sha256:8c79b500f1f9f12761426199d0498309ee5d20c94ed94fc8ae356679667f8181"},
    {file = "mysql_connector_python-9.3.0-cp39-cp39-macosx_14_0_x86_64.whl", hash = "sha256:d87c9e8b5aa9a16cefebe017ee45ddfbad53e668f94d01fe2e055bb8daab9353"},
    {file = "mysql_connector_python-9.3.0-cp39-cp39-manylinux_2_28_aarch64.whl", hash = "sha256:ac70a7128f7e690dc0f4376be8366c7e5c8fa47a785232b8abba948576f016ff"},
    {file = "mysql_connector_python-9.3.0-cp39-cp39-manylinux_2_28_x86_64.whl", hash = "sha256:66d48ec0ee903a84bcaf5d4d1901ed536fdd90ce6ecae0686f094b4530faf545"},
    {file = "mysql_connector_python-9.3.0-cp39-cp39-win_amd64.whl", hash = "sha256:55d4a8ace6f97d58d9318d1250d903b0d3b100a6b798442a99c4ac966b974d12"},
    {file = "mysql_connector_python-9.3.0-py2.py3-none-any.whl", hash = "sha256:8ab7719d614cf5463521082fab86afc21ada504b538166090e00eeaa1ff729bc"},
]

[package.extras]
dns-srv = ["dnspython (==2.6.1)"]
fido2 = ["fido2 (==1.1.2)"]
gssapi = ["gssapi (==1.8.3)"]
telemetry = ["opentelemetry-api (==1.18.0)", "opentelemetry-exporter-otlp-proto-http (==1.18.0)", "opentelemetry-sdk (==1.18.0)"]

[[package]]
name = "py4j"
version = "0.10.9.7"
description = "Enables Python programs to dynamically access arbitrary Java objects"
optional = false
python-versions = "*"
groups = ["main"]
files = [
    {file = "py4j-0.10.9.7-py2.py3-none-any.whl", hash = "sha256:85defdfd2b2376eb3abf5ca6474b51ab7e0de341c75a02f46dc9b5976f5a5c1b"},
    {file = "py4j-0.10.9.7.tar.gz", hash = "sha256:0b6e5315bb3ada5cf62ac651d107bb2ebc02def3dee9d9548e3baac644ea8dbb"},
]

[[package]]
name = "pygments"
version = "2.19.1"
description = "Pygments is a syntax highlighting package written in Python."
optional = false
python-versions = ">=3.8"
groups = ["main"]
files = [
    {file = "pygments-2.19.1-py3-none-any.whl", hash = "sha256:9ea1544ad55cecf4b8242fab6dd35a93bbce657034b0611ee383099054ab6d8c"},
    {file = "pygments-2.19.1.tar.gz", hash = "sha256:61c16d2a8576dc0649d9f39e089b5f02bcd27fba10d8fb4dcc28173f7a45151f"},
]

[package.extras]
windows-terminal = ["colorama (>=0.4.6)"]

[[package]]
name = "pyspark"
version = "3.5.5"
description = "Apache Spark Python API"
optional = false
python-versions = ">=3.8"
groups = ["main"]
files = [
    {file = "pyspark-3.5.5.tar.gz", hash = "sha256:6effc9ce98edf231f4d683fd14f7270629bf8458c628d6a2620ded4bb34f3cb9"},
]

[package.dependencies]
py4j = "0.10.9.7"

[package.extras]
connect = ["googleapis-common-protos (>=1.56.4)", "grpcio (>=1.56.0)", "grpcio-status (>=1.56.0)", "numpy (>=1.15,<2)", "pandas (>=1.0.5)", "pyarrow (>=4.0.0)"]
ml = ["numpy (>=1.15,<2)"]
mllib = ["numpy (>=1.15,<2)"]
pandas-on-spark = ["numpy (>=1.15,<2)", "pandas (>=1.0.5)", "pyarrow (>=4.0.0)"]
sql = ["numpy (>=1.15,<2)", "pandas (>=1.0.5)", "pyarrow (>=4.0.0)"]

[[package]]
name = "rich"
version = "14.0.0"
description = "Render rich text, tables, progress bars, syntax highlighting, markdown and more to the terminal"
optional = false
python-versions = ">=3.8.0"
groups = ["main"]
files = [
    {file = "rich-14.0.0-py3-none-any.whl", hash = "sha256:1c9491e1951aac09caffd42f448ee3d04e58923ffe14993f6e83068dc395d7e0"},
    {file = "rich-14.0.0.tar.gz", hash = "sha256:82f1bc23a6a21ebca4ae0c45af9bdbc492ed20231dcb63f297d6d1021a9d5725"},
]

[package.dependencies]
markdown-it-py = ">=2.2.0"
pygments = ">=2.13.0,<3.0.0"
typing-extensions = {version = ">=4.0.0,<5.0", markers = "python_version < \"3.11\""}

[package.extras]
jupyter = ["ipywidgets (>=7.5.1,<9)"]

[[package]]
name = "shellingham"
version = "1.5.4"
description = "Tool to Detect Surrounding Shell"
optional = false
python-versions = ">=3.7"
groups = ["main"]
files = [
    {file = "shellingham-1.5.4-py2.py3-none-any.whl", hash = "sha256:7ecfff8f2fd72616f7481040475a65b2bf8af90a56c89140852d1120324e8686"},
    {file = "shellingham-1.5.4.tar.gz", hash = "sha256:8dbca0739d487e5bd35ab3ca4b36e11c4078f3a234bfce294b0a0291363404de"},
]

[[package]]
name = "typer"
version = "0.15.4"
description = "Typer, build great CLIs. Easy to code. Based on Python type hints."
optional = false
python-versions = ">=3.7"
groups = ["main"]
files = [
    {file = "typer-0.15.4-py3-none-any.whl", hash = "sha256:eb0651654dcdea706780c466cf06d8f174405a659ffff8f163cfbfee98c0e173"},
    {file = "typer-0.15.4.tar.gz", hash = "sha256:89507b104f9b6a0730354f27c39fae5b63ccd0c95b1ce1f1a6ba0cfd329997c3"},
]

[package.dependencies]
click = ">=8.0.0,<8.2"
rich = ">=10.11.0"
shellingham = ">=1.3.0"
typing-extensions = ">=3.7.4.3"

[[package]]
name = "typing-extensions"
version = "4.13.2"
description = "Backported and Experimental Type Hints for Python 3.8+"
optional = false
python-versions = ">=3.8"
groups = ["main"]
files = [
    {file = "typing_extensions-4.13.2-py3-none-any.whl", hash = "sha256:a439e7c04b49fec3e5d3e2beaa21755cadbbdc391694e28ccdd36ca4a1408f8c"},
    {file = "typing_extensions-4.13.2.tar.gz", hash = "sha256:e6c81219bd689f51865d9e372991c540bda33a0379d5573cddb9a3a23f7caaef"},
]

[metadata]
lock-version = "2.1"
python-versions = ">=3.10"
content-hash = "e4dcd6c9f92e9db94a1d745ef65ce7ab7852a5704652acd76ac2744b6a255bcb"
